{
  "name": "falcon",
  "version": "1.0.0",
  "lockfileVersion": 1,
  "requires": true,
  "dependencies": {
    "node": {
      "version": "16.6.0",
      "resolved": "https://registry.npmjs.org/node/-/node-16.6.0.tgz",
      "integrity": "sha512-5M35Wjq0OD1QmpXkEe5Q/AcDmov9jBZ8/vJatVE9KvVf7aqBpeVPeMXg9LPxp8GlBA97MuqiitvW4VE3ZWJ7GA==",
      "dev": true,
      "requires": {
        "node-bin-setup": "^1.0.0"
      }
    },
    "node-bin-setup": {
      "version": "1.0.6",
      "resolved": "https://registry.npmjs.org/node-bin-setup/-/node-bin-setup-1.0.6.tgz",
      "integrity": "sha512-uPIxXNis1CRbv1DwqAxkgBk5NFV3s7cMN/Gf556jSw6jBvV7ca4F9lRL/8cALcZecRibeqU+5dFYqFFmzv5a0Q==",
      "dev": true
    }
  }
}
